
Microsoft Visual Studio Solution File, Format Version 12.00
# Visual Studio Version 16
VisualStudioVersion = 16.0.30204.135
MinimumVisualStudioVersion = 10.0.40219.1
Project("{FAE04EC0-301F-11D3-BF4B-00C04F79EFBC}") = "Great_New_Git_Repository", "Great_New_Git_Repository.csproj", "{ABDBE79C-2F62-4553-B957-4A41E1143FCD}"
EndProject
Global
	GlobalSection(SolutionConfigurationPlatforms) = preSolution
		Debug|Any CPU = Debug|Any CPU
		Release|Any CPU = Release|Any CPU
	EndGlobalSection
	GlobalSection(ProjectConfigurationPlatforms) = postSolution
		{ABDBE79C-2F62-4553-B957-4A41E1143FCD}.Debug|Any CPU.ActiveCfg = Debug|Any CPU
		{ABDBE79C-2F62-4553-B957-4A41E1143FCD}.Debug|Any CPU.Build.0 = Debug|Any CPU
		{ABDBE79C-2F62-4553-B957-4A41E1143FCD}.Release|Any CPU.ActiveCfg = Release|Any CPU
		{ABDBE79C-2F62-4553-B957-4A41E1143FCD}.Release|Any CPU.Build.0 = Release|Any CPU
	EndGlobalSection
	GlobalSection(SolutionProperties) = preSolution
		HideSolutionNode = FALSE
	EndGlobalSection
	GlobalSection(ExtensibilityGlobals) = postSolution
		SolutionGuid = {126E4BC5-953F-48B9-9076-78078BE4C980}
	EndGlobalSection
EndGlobal
